
Microsoft Visual Studio Solution File, Format Version 12.00
# Visual Studio 15
VisualStudioVersion = 15.0.27130.2010
MinimumVisualStudioVersion = 10.0.40219.1
Project("{FAE04EC0-301F-11D3-BF4B-00C04F79EFBC}") = "TravelCompanyTests", "TravelCompanyTests\TravelCompanyTests.csproj", "{8EF0CCC7-4C17-45F2-8E59-BDBD578DA987}"
EndProject
Project("{FAE04EC0-301F-11D3-BF4B-00C04F79EFBC}") = "PlannerTests", "PlannerTests\PlannerTests.csproj", "{355A8565-782D-4A50-B31F-8CFCA5A66700}"
EndProject
Project("{FAE04EC0-301F-11D3-BF4B-00C04F79EFBC}") = "TAP2017_2018_PlannerImplementation", "TAP2017_2018_PlannerImplementation\TAP2017_2018_PlannerImplementation.csproj", "{4950C8F1-6916-4490-B3A1-2C25AAD8B0F1}"
EndProject
Project("{FAE04EC0-301F-11D3-BF4B-00C04F79EFBC}") = "TAP2017_2018_Implementation", "TAP2017_2018_Implementation\TAP2017_2018_Implementation.csproj", "{3F67D2B5-089C-4AD9-A67A-E52D842D1057}"
EndProject
Project("{FAE04EC0-301F-11D3-BF4B-00C04F79EFBC}") = "NANTravelCompanyTests", "NANTravelCompanyTests\NANTravelCompanyTests.csproj", "{25F0A072-00A3-48DF-A8F5-4676E6230DAF}"
EndProject
Project("{FAE04EC0-301F-11D3-BF4B-00C04F79EFBC}") = "NANPlannerTests", "NANPlannerTests\NANPlannerTests.csproj", "{B242AA64-5E8E-4DFB-B959-3B71C32013BA}"
EndProject
Global
	GlobalSection(SolutionConfigurationPlatforms) = preSolution
		Debug|Any CPU = Debug|Any CPU
		Release|Any CPU = Release|Any CPU
	EndGlobalSection
	GlobalSection(ProjectConfigurationPlatforms) = postSolution
		{8EF0CCC7-4C17-45F2-8E59-BDBD578DA987}.Debug|Any CPU.ActiveCfg = Debug|Any CPU
		{8EF0CCC7-4C17-45F2-8E59-BDBD578DA987}.Debug|Any CPU.Build.0 = Debug|Any CPU
		{8EF0CCC7-4C17-45F2-8E59-BDBD578DA987}.Release|Any CPU.ActiveCfg = Release|Any CPU
		{8EF0CCC7-4C17-45F2-8E59-BDBD578DA987}.Release|Any CPU.Build.0 = Release|Any CPU
		{355A8565-782D-4A50-B31F-8CFCA5A66700}.Debug|Any CPU.ActiveCfg = Debug|Any CPU
		{355A8565-782D-4A50-B31F-8CFCA5A66700}.Debug|Any CPU.Build.0 = Debug|Any CPU
		{355A8565-782D-4A50-B31F-8CFCA5A66700}.Release|Any CPU.ActiveCfg = Release|Any CPU
		{355A8565-782D-4A50-B31F-8CFCA5A66700}.Release|Any CPU.Build.0 = Release|Any CPU
		{4950C8F1-6916-4490-B3A1-2C25AAD8B0F1}.Debug|Any CPU.ActiveCfg = Debug|Any CPU
		{4950C8F1-6916-4490-B3A1-2C25AAD8B0F1}.Debug|Any CPU.Build.0 = Debug|Any CPU
		{4950C8F1-6916-4490-B3A1-2C25AAD8B0F1}.Release|Any CPU.ActiveCfg = Release|Any CPU
		{4950C8F1-6916-4490-B3A1-2C25AAD8B0F1}.Release|Any CPU.Build.0 = Release|Any CPU
		{3F67D2B5-089C-4AD9-A67A-E52D842D1057}.Debug|Any CPU.ActiveCfg = Debug|Any CPU
		{3F67D2B5-089C-4AD9-A67A-E52D842D1057}.Debug|Any CPU.Build.0 = Debug|Any CPU
		{3F67D2B5-089C-4AD9-A67A-E52D842D1057}.Release|Any CPU.ActiveCfg = Release|Any CPU
		{3F67D2B5-089C-4AD9-A67A-E52D842D1057}.Release|Any CPU.Build.0 = Release|Any CPU
		{25F0A072-00A3-48DF-A8F5-4676E6230DAF}.Debug|Any CPU.ActiveCfg = Debug|Any CPU
		{25F0A072-00A3-48DF-A8F5-4676E6230DAF}.Debug|Any CPU.Build.0 = Debug|Any CPU
		{25F0A072-00A3-48DF-A8F5-4676E6230DAF}.Release|Any CPU.ActiveCfg = Release|Any CPU
		{25F0A072-00A3-48DF-A8F5-4676E6230DAF}.Release|Any CPU.Build.0 = Release|Any CPU
		{B242AA64-5E8E-4DFB-B959-3B71C32013BA}.Debug|Any CPU.ActiveCfg = Debug|Any CPU
		{B242AA64-5E8E-4DFB-B959-3B71C32013BA}.Debug|Any CPU.Build.0 = Debug|Any CPU
		{B242AA64-5E8E-4DFB-B959-3B71C32013BA}.Release|Any CPU.ActiveCfg = Release|Any CPU
		{B242AA64-5E8E-4DFB-B959-3B71C32013BA}.Release|Any CPU.Build.0 = Release|Any CPU
	EndGlobalSection
	GlobalSection(SolutionProperties) = preSolution
		HideSolutionNode = FALSE
	EndGlobalSection
	GlobalSection(ExtensibilityGlobals) = postSolution
		SolutionGuid = {5E520FDC-D6C3-4AAF-9291-78D947C3369D}
	EndGlobalSection
EndGlobal
